// !$*UTF8*$!
{
	archiveVersion = 1;
	classes = {
	};
	objectVersion = 50;
	objects = {

/* Begin PBXBuildFile section */
		340BD7AF22FF4DEB006E7C21 /* AppDelegate.swift in Sources */ = {isa = PBXBuildFile; fileRef = 340BD7AE22FF4DEB006E7C21 /* AppDelegate.swift */; };
		340BD7B122FF4DEB006E7C21 /* ViewController.swift in Sources */ = {isa = PBXBuildFile; fileRef = 340BD7B022FF4DEB006E7C21 /* ViewController.swift */; };
		340BD7B422FF4DEB006E7C21 /* Main.storyboard in Resources */ = {isa = PBXBuildFile; fileRef = 340BD7B222FF4DEB006E7C21 /* Main.storyboard */; };
		340BD7B622FF4DEC006E7C21 /* Assets.xcassets in Resources */ = {isa = PBXBuildFile; fileRef = 340BD7B522FF4DEC006E7C21 /* Assets.xcassets */; };
		340BD7B922FF4DEC006E7C21 /* LaunchScreen.storyboard in Resources */ = {isa = PBXBuildFile; fileRef = 340BD7B722FF4DEC006E7C21 /* LaunchScreen.storyboard */; };
		340BD7C422FF4DED006E7C21 /* Project19Tests.swift in Sources */ = {isa = PBXBuildFile; fileRef = 340BD7C322FF4DED006E7C21 /* Project19Tests.swift */; };
		340BD7D522FF4E92006E7C21 /* Media.xcassets in Resources */ = {isa = PBXBuildFile; fileRef = 340BD7D422FF4E92006E7C21 /* Media.xcassets */; };
		340BD7D722FF4E92006E7C21 /* ActionViewController.swift in Sources */ = {isa = PBXBuildFile; fileRef = 340BD7D622FF4E92006E7C21 /* ActionViewController.swift */; };
		340BD7DA22FF4E92006E7C21 /* MainInterface.storyboard in Resources */ = {isa = PBXBuildFile; fileRef = 340BD7D822FF4E92006E7C21 /* MainInterface.storyboard */; };
		340BD7DE22FF4E92006E7C21 /* Extension.appex in Embed App Extensions */ = {isa = PBXBuildFile; fileRef = 340BD7D222FF4E92006E7C21 /* Extension.appex */; settings = {ATTRIBUTES = (RemoveHeadersOnCopy, ); }; };
		340BD7E422FF50E5006E7C21 /* Action.js in Resources */ = {isa = PBXBuildFile; fileRef = 340BD7E322FF50E5006E7C21 /* Action.js */; };
/* End PBXBuildFile section */

/* Begin PBXContainerItemProxy section */
		340BD7C022FF4DED006E7C21 /* PBXContainerItemProxy */ = {
			isa = PBXContainerItemProxy;
			containerPortal = 340BD7A322FF4DEB006E7C21 /* Project object */;
			proxyType = 1;
			remoteGlobalIDString = 340BD7AA22FF4DEB006E7C21;
			remoteInfo = Project19;
		};
		340BD7DC22FF4E92006E7C21 /* PBXContainerItemProxy */ = {
			isa = PBXContainerItemProxy;
			containerPortal = 340BD7A322FF4DEB006E7C21 /* Project object */;
			proxyType = 1;
			remoteGlobalIDString = 340BD7D122FF4E92006E7C21;
			remoteInfo = Extension;
		};
/* End PBXContainerItemProxy section */

/* Begin PBXCopyFilesBuildPhase section */
		340BD7E222FF4E92006E7C21 /* Embed App Extensions */ = {
			isa = PBXCopyFilesBuildPhase;
			buildActionMask = 2147483647;
			dstPath = "";
			dstSubfolderSpec = 13;
			files = (
				340BD7DE22FF4E92006E7C21 /* Extension.appex in Embed App Extensions */,
			);
			name = "Embed App Extensions";
			runOnlyForDeploymentPostprocessing = 0;
		};
/* End PBXCopyFilesBuildPhase section */

/* Begin PBXFileReference section */
		340BD7AB22FF4DEB006E7C21 /* Project19.app */ = {isa = PBXFileReference; explicitFileType = wrapper.application; includeInIndex = 0; path = Project19.app; sourceTree = BUILT_PRODUCTS_DIR; };
		340BD7AE22FF4DEB006E7C21 /* AppDelegate.swift */ = {isa = PBXFileReference; lastKnownFileType = sourcecode.swift; path = AppDelegate.swift; sourceTree = "<group>"; };
		340BD7B022FF4DEB006E7C21 /* ViewController.swift */ = {isa = PBXFileReference; lastKnownFileType = sourcecode.swift; path = ViewController.swift; sourceTree = "<group>"; };
		340BD7B322FF4DEB006E7C21 /* Base */ = {isa = PBXFileReference; lastKnownFileType = file.storyboard; name = Base; path = Base.lproj/Main.storyboard; sourceTree = "<group>"; };
		340BD7B522FF4DEC006E7C21 /* Assets.xcassets */ = {isa = PBXFileReference; lastKnownFileType = folder.assetcatalog; path = Assets.xcassets; sourceTree = "<group>"; };
		340BD7B822FF4DEC006E7C21 /* Base */ = {isa = PBXFileReference; lastKnownFileType = file.storyboard; name = Base; path = Base.lproj/LaunchScreen.storyboard; sourceTree = "<group>"; };
		340BD7BA22FF4DEC006E7C21 /* Info.plist */ = {isa = PBXFileReference; lastKnownFileType = text.plist.xml; path = Info.plist; sourceTree = "<group>"; };
		340BD7BF22FF4DED006E7C21 /* Project19Tests.xctest */ = {isa = PBXFileReference; explicitFileType = wrapper.cfbundle; includeInIndex = 0; path = Project19Tests.xctest; sourceTree = BUILT_PRODUCTS_DIR; };
		340BD7C322FF4DED006E7C21 /* Project19Tests.swift */ = {isa = PBXFileReference; lastKnownFileType = sourcecode.swift; path = Project19Tests.swift; sourceTree = "<group>"; };
		340BD7C522FF4DED006E7C21 /* Info.plist */ = {isa = PBXFileReference; lastKnownFileType = text.plist.xml; path = Info.plist; sourceTree = "<group>"; };
		340BD7D222FF4E92006E7C21 /* Extension.appex */ = {isa = PBXFileReference; explicitFileType = "wrapper.app-extension"; includeInIndex = 0; path = Extension.appex; sourceTree = BUILT_PRODUCTS_DIR; };
		340BD7D422FF4E92006E7C21 /* Media.xcassets */ = {isa = PBXFileReference; lastKnownFileType = folder.assetcatalog; path = Media.xcassets; sourceTree = "<group>"; };
		340BD7D622FF4E92006E7C21 /* ActionViewController.swift */ = {isa = PBXFileReference; lastKnownFileType = sourcecode.swift; path = ActionViewController.swift; sourceTree = "<group>"; };
		340BD7D922FF4E92006E7C21 /* Base */ = {isa = PBXFileReference; lastKnownFileType = file.storyboard; name = Base; path = Base.lproj/MainInterface.storyboard; sourceTree = "<group>"; };
		340BD7DB22FF4E92006E7C21 /* Info.plist */ = {isa = PBXFileReference; lastKnownFileType = text.plist.xml; path = Info.plist; sourceTree = "<group>"; };
		340BD7E322FF50E5006E7C21 /* Action.js */ = {isa = PBXFileReference; lastKnownFileType = sourcecode.javascript; path = Action.js; sourceTree = "<group>"; };
/* End PBXFileReference section */

/* Begin PBXFrameworksBuildPhase section */
		340BD7A822FF4DEB006E7C21 /* Frameworks */ = {
			isa = PBXFrameworksBuildPhase;
			buildActionMask = 2147483647;
			files = (
			);
			runOnlyForDeploymentPostprocessing = 0;
		};
		340BD7BC22FF4DED006E7C21 /* Frameworks */ = {
			isa = PBXFrameworksBuildPhase;
			buildActionMask = 2147483647;
			files = (
			);
			runOnlyForDeploymentPostprocessing = 0;
		};
		340BD7CF22FF4E92006E7C21 /* Frameworks */ = {
			isa = PBXFrameworksBuildPhase;
			buildActionMask = 2147483647;
			files = (
			);
			runOnlyForDeploymentPostprocessing = 0;
		};
/* End PBXFrameworksBuildPhase section */

/* Begin PBXGroup section */
		340BD7A222FF4DEB006E7C21 = {
			isa = PBXGroup;
			children = (
				340BD7AD22FF4DEB006E7C21 /* Project19 */,
				340BD7C222FF4DED006E7C21 /* Project19Tests */,
				340BD7D322FF4E92006E7C21 /* Extension */,
				340BD7AC22FF4DEB006E7C21 /* Products */,
			);
			sourceTree = "<group>";
		};
		340BD7AC22FF4DEB006E7C21 /* Products */ = {
			isa = PBXGroup;
			children = (
				340BD7AB22FF4DEB006E7C21 /* Project19.app */,
				340BD7BF22FF4DED006E7C21 /* Project19Tests.xctest */,
				340BD7D222FF4E92006E7C21 /* Extension.appex */,
			);
			name = Products;
			sourceTree = "<group>";
		};
		340BD7AD22FF4DEB006E7C21 /* Project19 */ = {
			isa = PBXGroup;
			children = (
				340BD7AE22FF4DEB006E7C21 /* AppDelegate.swift */,
				340BD7B022FF4DEB006E7C21 /* ViewController.swift */,
				340BD7B222FF4DEB006E7C21 /* Main.storyboard */,
				340BD7B522FF4DEC006E7C21 /* Assets.xcassets */,
				340BD7B722FF4DEC006E7C21 /* LaunchScreen.storyboard */,
				340BD7BA22FF4DEC006E7C21 /* Info.plist */,
			);
			path = Project19;
			sourceTree = "<group>";
		};
		340BD7C222FF4DED006E7C21 /* Project19Tests */ = {
			isa = PBXGroup;
			children = (
				340BD7C322FF4DED006E7C21 /* Project19Tests.swift */,
				340BD7C522FF4DED006E7C21 /* Info.plist */,
			);
			path = Project19Tests;
			sourceTree = "<group>";
		};
		340BD7D322FF4E92006E7C21 /* Extension */ = {
			isa = PBXGroup;
			children = (
				340BD7D422FF4E92006E7C21 /* Media.xcassets */,
				340BD7D622FF4E92006E7C21 /* ActionViewController.swift */,
				340BD7D822FF4E92006E7C21 /* MainInterface.storyboard */,
				340BD7DB22FF4E92006E7C21 /* Info.plist */,
				340BD7E322FF50E5006E7C21 /* Action.js */,
			);
			path = Extension;
			sourceTree = "<group>";
		};
/* End PBXGroup section */

/* Begin PBXNativeTarget section */
		340BD7AA22FF4DEB006E7C21 /* Project19 */ = {
			isa = PBXNativeTarget;
			buildConfigurationList = 340BD7C822FF4DED006E7C21 /* Build configuration list for PBXNativeTarget "Project19" */;
			buildPhases = (
				340BD7A722FF4DEB006E7C21 /* Sources */,
				340BD7A822FF4DEB006E7C21 /* Frameworks */,
				340BD7A922FF4DEB006E7C21 /* Resources */,
				340BD7E222FF4E92006E7C21 /* Embed App Extensions */,
			);
			buildRules = (
			);
			dependencies = (
				340BD7DD22FF4E92006E7C21 /* PBXTargetDependency */,
			);
			name = Project19;
			productName = Project19;
			productReference = 340BD7AB22FF4DEB006E7C21 /* Project19.app */;
			productType = "com.apple.product-type.application";
		};
		340BD7BE22FF4DED006E7C21 /* Project19Tests */ = {
			isa = PBXNativeTarget;
			buildConfigurationList = 340BD7CB22FF4DED006E7C21 /* Build configuration list for PBXNativeTarget "Project19Tests" */;
			buildPhases = (
				340BD7BB22FF4DED006E7C21 /* Sources */,
				340BD7BC22FF4DED006E7C21 /* Frameworks */,
				340BD7BD22FF4DED006E7C21 /* Resources */,
			);
			buildRules = (
			);
			dependencies = (
				340BD7C122FF4DED006E7C21 /* PBXTargetDependency */,
			);
			name = Project19Tests;
			productName = Project19Tests;
			productReference = 340BD7BF22FF4DED006E7C21 /* Project19Tests.xctest */;
			productType = "com.apple.product-type.bundle.unit-test";
		};
		340BD7D122FF4E92006E7C21 /* Extension */ = {
			isa = PBXNativeTarget;
			buildConfigurationList = 340BD7DF22FF4E92006E7C21 /* Build configuration list for PBXNativeTarget "Extension" */;
			buildPhases = (
				340BD7CE22FF4E92006E7C21 /* Sources */,
				340BD7CF22FF4E92006E7C21 /* Frameworks */,
				340BD7D022FF4E92006E7C21 /* Resources */,
			);
			buildRules = (
			);
			dependencies = (
			);
			name = Extension;
			productName = Extension;
			productReference = 340BD7D222FF4E92006E7C21 /* Extension.appex */;
			productType = "com.apple.product-type.app-extension";
		};
/* End PBXNativeTarget section */

/* Begin PBXProject section */
		340BD7A322FF4DEB006E7C21 /* Project object */ = {
			isa = PBXProject;
			attributes = {
				LastSwiftUpdateCheck = 1030;
				LastUpgradeCheck = 1030;
				ORGANIZATIONNAME = "Dillon McElhinney";
				TargetAttributes = {
					340BD7AA22FF4DEB006E7C21 = {
						CreatedOnToolsVersion = 10.3;
					};
					340BD7BE22FF4DED006E7C21 = {
						CreatedOnToolsVersion = 10.3;
						TestTargetID = 340BD7AA22FF4DEB006E7C21;
					};
					340BD7D122FF4E92006E7C21 = {
						CreatedOnToolsVersion = 10.3;
					};
				};
			};
			buildConfigurationList = 340BD7A622FF4DEB006E7C21 /* Build configuration list for PBXProject "Project19" */;
			compatibilityVersion = "Xcode 9.3";
			developmentRegion = en;
			hasScannedForEncodings = 0;
			knownRegions = (
				en,
				Base,
			);
			mainGroup = 340BD7A222FF4DEB006E7C21;
			productRefGroup = 340BD7AC22FF4DEB006E7C21 /* Products */;
			projectDirPath = "";
			projectRoot = "";
			targets = (
				340BD7AA22FF4DEB006E7C21 /* Project19 */,
				340BD7BE22FF4DED006E7C21 /* Project19Tests */,
				340BD7D122FF4E92006E7C21 /* Extension */,
			);
		};
/* End PBXProject section */

/* Begin PBXResourcesBuildPhase section */
		340BD7A922FF4DEB006E7C21 /* Resources */ = {
			isa = PBXResourcesBuildPhase;
			buildActionMask = 2147483647;
			files = (
				340BD7B922FF4DEC006E7C21 /* LaunchScreen.storyboard in Resources */,
				340BD7B622FF4DEC006E7C21 /* Assets.xcassets in Resources */,
				340BD7B422FF4DEB006E7C21 /* Main.storyboard in Resources */,
			);
			runOnlyForDeploymentPostprocessing = 0;
		};
		340BD7BD22FF4DED006E7C21 /* Resources */ = {
			isa = PBXResourcesBuildPhase;
			buildActionMask = 2147483647;
			files = (
			);
			runOnlyForDeploymentPostprocessing = 0;
		};
		340BD7D022FF4E92006E7C21 /* Resources */ = {
			isa = PBXResourcesBuildPhase;
			buildActionMask = 2147483647;
			files = (
				340BD7E422FF50E5006E7C21 /* Action.js in Resources */,
				340BD7D522FF4E92006E7C21 /* Media.xcassets in Resources */,
				340BD7DA22FF4E92006E7C21 /* MainInterface.storyboard in Resources */,
			);
			runOnlyForDeploymentPostprocessing = 0;
		};
/* End PBXResourcesBuildPhase section */

/* Begin PBXSourcesBuildPhase section */
		340BD7A722FF4DEB006E7C21 /* Sources */ = {
			isa = PBXSourcesBuildPhase;
			buildActionMask = 2147483647;
			files = (
				340BD7B122FF4DEB006E7C21 /* ViewController.swift in Sources */,
				340BD7AF22FF4DEB006E7C21 /* AppDelegate.swift in Sources */,
			);
			runOnlyForDeploymentPostprocessing = 0;
		};
		340BD7BB22FF4DED006E7C21 /* Sources */ = {
			isa = PBXSourcesBuildPhase;
			buildActionMask = 2147483647;
			files = (
				340BD7C422FF4DED006E7C21 /* Project19Tests.swift in Sources */,
			);
			runOnlyForDeploymentPostprocessing = 0;
		};
		340BD7CE22FF4E92006E7C21 /* Sources */ = {
			isa = PBXSourcesBuildPhase;
			buildActionMask = 2147483647;
			files = (
				340BD7D722FF4E92006E7C21 /* ActionViewController.swift in Sources */,
			);
			runOnlyForDeploymentPostprocessing = 0;
		};
/* End PBXSourcesBuildPhase section */

/* Begin PBXTargetDependency section */
		340BD7C122FF4DED006E7C21 /* PBXTargetDependency */ = {
			isa = PBXTargetDependency;
			target = 340BD7AA22FF4DEB006E7C21 /* Project19 */;
			targetProxy = 340BD7C022FF4DED006E7C21 /* PBXContainerItemProxy */;
		};
		340BD7DD22FF4E92006E7C21 /* PBXTargetDependency */ = {
			isa = PBXTargetDependency;
			target = 340BD7D122FF4E92006E7C21 /* Extension */;
			targetProxy = 340BD7DC22FF4E92006E7C21 /* PBXContainerItemProxy */;
		};
/* End PBXTargetDependency section */

/* Begin PBXVariantGroup section */
		340BD7B222FF4DEB006E7C21 /* Main.storyboard */ = {
			isa = PBXVariantGroup;
			children = (
				340BD7B322FF4DEB006E7C21 /* Base */,
			);
			name = Main.storyboard;
			sourceTree = "<group>";
		};
		340BD7B722FF4DEC006E7C21 /* LaunchScreen.storyboard */ = {
			isa = PBXVariantGroup;
			children = (
				340BD7B822FF4DEC006E7C21 /* Base */,
			);
			name = LaunchScreen.storyboard;
			sourceTree = "<group>";
		};
		340BD7D822FF4E92006E7C21 /* MainInterface.storyboard */ = {
			isa = PBXVariantGroup;
			children = (
				340BD7D922FF4E92006E7C21 /* Base */,
			);
			name = MainInterface.storyboard;
			sourceTree = "<group>";
		};
/* End PBXVariantGroup section */

/* Begin XCBuildConfiguration section */
		340BD7C622FF4DED006E7C21 /* Debug */ = {
			isa = XCBuildConfiguration;
			buildSettings = {
				ALWAYS_SEARCH_USER_PATHS = NO;
				CLANG_ANALYZER_NONNULL = YES;
				CLANG_ANALYZER_NUMBER_OBJECT_CONVERSION = YES_AGGRESSIVE;
				CLANG_CXX_LANGUAGE_STANDARD = "gnu++14";
				CLANG_CXX_LIBRARY = "libc++";
				CLANG_ENABLE_MODULES = YES;
				CLANG_ENABLE_OBJC_ARC = YES;
				CLANG_ENABLE_OBJC_WEAK = YES;
				CLANG_WARN_BLOCK_CAPTURE_AUTORELEASING = YES;
				CLANG_WARN_BOOL_CONVERSION = YES;
				CLANG_WARN_COMMA = YES;
				CLANG_WARN_CONSTANT_CONVERSION = YES;
				CLANG_WARN_DEPRECATED_OBJC_IMPLEMENTATIONS = YES;
				CLANG_WARN_DIRECT_OBJC_ISA_USAGE = YES_ERROR;
				CLANG_WARN_DOCUMENTATION_COMMENTS = YES;
				CLANG_WARN_EMPTY_BODY = YES;
				CLANG_WARN_ENUM_CONVERSION = YES;
				CLANG_WARN_INFINITE_RECURSION = YES;
				CLANG_WARN_INT_CONVERSION = YES;
				CLANG_WARN_NON_LITERAL_NULL_CONVERSION = YES;
				CLANG_WARN_OBJC_IMPLICIT_RETAIN_SELF = YES;
				CLANG_WARN_OBJC_LITERAL_CONVERSION = YES;
				CLANG_WARN_OBJC_ROOT_CLASS = YES_ERROR;
				CLANG_WARN_RANGE_LOOP_ANALYSIS = YES;
				CLANG_WARN_STRICT_PROTOTYPES = YES;
				CLANG_WARN_SUSPICIOUS_MOVE = YES;
				CLANG_WARN_UNGUARDED_AVAILABILITY = YES_AGGRESSIVE;
				CLANG_WARN_UNREACHABLE_CODE = YES;
				CLANG_WARN__DUPLICATE_METHOD_MATCH = YES;
				CODE_SIGN_IDENTITY = "iPhone Developer";
				COPY_PHASE_STRIP = NO;
				DEBUG_INFORMATION_FORMAT = dwarf;
				ENABLE_STRICT_OBJC_MSGSEND = YES;
				ENABLE_TESTABILITY = YES;
				GCC_C_LANGUAGE_STANDARD = gnu11;
				GCC_DYNAMIC_NO_PIC = NO;
				GCC_NO_COMMON_BLOCKS = YES;
				GCC_OPTIMIZATION_LEVEL = 0;
				GCC_PREPROCESSOR_DEFINITIONS = (
					"DEBUG=1",
					"$(inherited)",
				);
				GCC_WARN_64_TO_32_BIT_CONVERSION = YES;
				GCC_WARN_ABOUT_RETURN_TYPE = YES_ERROR;
				GCC_WARN_UNDECLARED_SELECTOR = YES;
				GCC_WARN_UNINITIALIZED_AUTOS = YES_AGGRESSIVE;
				GCC_WARN_UNUSED_FUNCTION = YES;
				GCC_WARN_UNUSED_VARIABLE = YES;
				IPHONEOS_DEPLOYMENT_TARGET = 12.4;
				MTL_ENABLE_DEBUG_INFO = INCLUDE_SOURCE;
				MTL_FAST_MATH = YES;
				ONLY_ACTIVE_ARCH = YES;
				SDKROOT = iphoneos;
				SWIFT_ACTIVE_COMPILATION_CONDITIONS = DEBUG;
				SWIFT_OPTIMIZATION_LEVEL = "-Onone";
			};
			name = Debug;
		};
		340BD7C722FF4DED006E7C21 /* Release */ = {
			isa = XCBuildConfiguration;
			buildSettings = {
				ALWAYS_SEARCH_USER_PATHS = NO;
				CLANG_ANALYZER_NONNULL = YES;
				CLANG_ANALYZER_NUMBER_OBJECT_CONVERSION = YES_AGGRESSIVE;
				CLANG_CXX_LANGUAGE_STANDARD = "gnu++14";
				CLANG_CXX_LIBRARY = "libc++";
				CLANG_ENABLE_MODULES = YES;
				CLANG_ENABLE_OBJC_ARC = YES;
				CLANG_ENABLE_OBJC_WEAK = YES;
				CLANG_WARN_BLOCK_CAPTURE_AUTORELEASING = YES;
				CLANG_WARN_BOOL_CONVERSION = YES;
				CLANG_WARN_COMMA = YES;
				CLANG_WARN_CONSTANT_CONVERSION = YES;
				CLANG_WARN_DEPRECATED_OBJC_IMPLEMENTATIONS = YES;
				CLANG_WARN_DIRECT_OBJC_ISA_USAGE = YES_ERROR;
				CLANG_WARN_DOCUMENTATION_COMMENTS = YES;
				CLANG_WARN_EMPTY_BODY = YES;
				CLANG_WARN_ENUM_CONVERSION = YES;
				CLANG_WARN_INFINITE_RECURSION = YES;
				CLANG_WARN_INT_CONVERSION = YES;
				CLANG_WARN_NON_LITERAL_NULL_CONVERSION = YES;
				CLANG_WARN_OBJC_IMPLICIT_RETAIN_SELF = YES;
				CLANG_WARN_OBJC_LITERAL_CONVERSION = YES;
				CLANG_WARN_OBJC_ROOT_CLASS = YES_ERROR;
				CLANG_WARN_RANGE_LOOP_ANALYSIS = YES;
				CLANG_WARN_STRICT_PROTOTYPES = YES;
				CLANG_WARN_SUSPICIOUS_MOVE = YES;
				CLANG_WARN_UNGUARDED_AVAILABILITY = YES_AGGRESSIVE;
				CLANG_WARN_UNREACHABLE_CODE = YES;
				CLANG_WARN__DUPLICATE_METHOD_MATCH = YES;
				CODE_SIGN_IDENTITY = "iPhone Developer";
				COPY_PHASE_STRIP = NO;
				DEBUG_INFORMATION_FORMAT = "dwarf-with-dsym";
				ENABLE_NS_ASSERTIONS = NO;
				ENABLE_STRICT_OBJC_MSGSEND = YES;
				GCC_C_LANGUAGE_STANDARD = gnu11;
				GCC_NO_COMMON_BLOCKS = YES;
				GCC_WARN_64_TO_32_BIT_CONVERSION = YES;
				GCC_WARN_ABOUT_RETURN_TYPE = YES_ERROR;
				GCC_WARN_UNDECLARED_SELECTOR = YES;
				GCC_WARN_UNINITIALIZED_AUTOS = YES_AGGRESSIVE;
				GCC_WARN_UNUSED_FUNCTION = YES;
				GCC_WARN_UNUSED_VARIABLE = YES;
				IPHONEOS_DEPLOYMENT_TARGET = 12.4;
				MTL_ENABLE_DEBUG_INFO = NO;
				MTL_FAST_MATH = YES;
				SDKROOT = iphoneos;
				SWIFT_COMPILATION_MODE = wholemodule;
				SWIFT_OPTIMIZATION_LEVEL = "-O";
				VALIDATE_PRODUCT = YES;
			};
			name = Release;
		};
		340BD7C922FF4DED006E7C21 /* Debug */ = {
			isa = XCBuildConfiguration;
			buildSettings = {
				ALWAYS_EMBED_SWIFT_STANDARD_LIBRARIES = YES;
				ASSETCATALOG_COMPILER_APPICON_NAME = AppIcon;
				CODE_SIGN_STYLE = Automatic;
				DEVELOPMENT_TEAM = 2SS9AYZ8LT;
				INFOPLIST_FILE = Project19/Info.plist;
				LD_RUNPATH_SEARCH_PATHS = (
					"$(inherited)",
					"@executable_path/Frameworks",
				);
				PRODUCT_BUNDLE_IDENTIFIER = com.dillonmcelhinney.Project19;
				PRODUCT_NAME = "$(TARGET_NAME)";
				SWIFT_VERSION = 5.0;
				TARGETED_DEVICE_FAMILY = "1,2";
			};
			name = Debug;
		};
		340BD7CA22FF4DED006E7C21 /* Release */ = {
			isa = XCBuildConfiguration;
			buildSettings = {
				ALWAYS_EMBED_SWIFT_STANDARD_LIBRARIES = YES;
				ASSETCATALOG_COMPILER_APPICON_NAME = AppIcon;
				CODE_SIGN_STYLE = Automatic;
				DEVELOPMENT_TEAM = 2SS9AYZ8LT;
				INFOPLIST_FILE = Project19/Info.plist;
				LD_RUNPATH_SEARCH_PATHS = (
					"$(inherited)",
					"@executable_path/Frameworks",
				);
				PRODUCT_BUNDLE_IDENTIFIER = com.dillonmcelhinney.Project19;
				PRODUCT_NAME = "$(TARGET_NAME)";
				SWIFT_VERSION = 5.0;
				TARGETED_DEVICE_FAMILY = "1,2";
			};
			name = Release;
		};
		340BD7CC22FF4DED006E7C21 /* Debug */ = {
			isa = XCBuildConfiguration;
			buildSettings = {
				ALWAYS_EMBED_SWIFT_STANDARD_LIBRARIES = YES;
				BUNDLE_LOADER = "$(TEST_HOST)";
				CODE_SIGN_STYLE = Automatic;
				DEVELOPMENT_TEAM = 2SS9AYZ8LT;
				INFOPLIST_FILE = Project19Tests/Info.plist;
				LD_RUNPATH_SEARCH_PATHS = (
					"$(inherited)",
					"@executable_path/Frameworks",
					"@loader_path/Frameworks",
				);
				PRODUCT_BUNDLE_IDENTIFIER = com.dillonmcelhinney.Project19Tests;
				PRODUCT_NAME = "$(TARGET_NAME)";
				SWIFT_VERSION = 5.0;
				TARGETED_DEVICE_FAMILY = "1,2";
				TEST_HOST = "$(BUILT_PRODUCTS_DIR)/Project19.app/Project19";
			};
			name = Debug;
		};
		340BD7CD22FF4DED006E7C21 /* Release */ = {
			isa = XCBuildConfiguration;
			buildSettings = {
				ALWAYS_EMBED_SWIFT_STANDARD_LIBRARIES = YES;
				BUNDLE_LOADER = "$(TEST_HOST)";
				CODE_SIGN_STYLE = Automatic;
				DEVELOPMENT_TEAM = 2SS9AYZ8LT;
				INFOPLIST_FILE = Project19Tests/Info.plist;
				LD_RUNPATH_SEARCH_PATHS = (
					"$(inherited)",
					"@executable_path/Frameworks",
					"@loader_path/Frameworks",
				);
				PRODUCT_BUNDLE_IDENTIFIER = com.dillonmcelhinney.Project19Tests;
				PRODUCT_NAME = "$(TARGET_NAME)";
				SWIFT_VERSION = 5.0;
				TARGETED_DEVICE_FAMILY = "1,2";
				TEST_HOST = "$(BUILT_PRODUCTS_DIR)/Project19.app/Project19";
			};
			name = Release;
		};
		340BD7E022FF4E92006E7C21 /* Debug */ = {
			isa = XCBuildConfiguration;
			buildSettings = {
				CODE_SIGN_STYLE = Automatic;
				DEVELOPMENT_TEAM = 2SS9AYZ8LT;
				INFOPLIST_FILE = Extension/Info.plist;
				LD_RUNPATH_SEARCH_PATHS = (
					"$(inherited)",
					"@executable_path/Frameworks",
					"@executable_path/../../Frameworks",
				);
				PRODUCT_BUNDLE_IDENTIFIER = com.dillonmcelhinney.Project19.Extension;
				PRODUCT_NAME = "$(TARGET_NAME)";
				SKIP_INSTALL = YES;
				SWIFT_VERSION = 5.0;
				TARGETED_DEVICE_FAMILY = "1,2";
			};
			name = Debug;
		};
		340BD7E122FF4E92006E7C21 /* Release */ = {
			isa = XCBuildConfiguration;
			buildSettings = {
				CODE_SIGN_STYLE = Automatic;
				DEVELOPMENT_TEAM = 2SS9AYZ8LT;
				INFOPLIST_FILE = Extension/Info.plist;
				LD_RUNPATH_SEARCH_PATHS = (
					"$(inherited)",
					"@executable_path/Frameworks",
					"@executable_path/../../Frameworks",
				);
				PRODUCT_BUNDLE_IDENTIFIER = com.dillonmcelhinney.Project19.Extension;
				PRODUCT_NAME = "$(TARGET_NAME)";
				SKIP_INSTALL = YES;
				SWIFT_VERSION = 5.0;
				TARGETED_DEVICE_FAMILY = "1,2";
			};
			name = Release;
		};
/* End XCBuildConfiguration section */

/* Begin XCConfigurationList section */
		340BD7A622FF4DEB006E7C21 /* Build configuration list for PBXProject "Project19" */ = {
			isa = XCConfigurationList;
			buildConfigurations = (
				340BD7C622FF4DED006E7C21 /* Debug */,
				340BD7C722FF4DED006E7C21 /* Release */,
			);
			defaultConfigurationIsVisible = 0;
			defaultConfigurationName = Release;
		};
		340BD7C822FF4DED006E7C21 /* Build configuration list for PBXNativeTarget "Project19" */ = {
			isa = XCConfigurationList;
			buildConfigurations = (
				340BD7C922FF4DED006E7C21 /* Debug */,
				340BD7CA22FF4DED006E7C21 /* Release */,
			);
			defaultConfigurationIsVisible = 0;
			defaultConfigurationName = Release;
		};
		340BD7CB22FF4DED006E7C21 /* Build configuration list for PBXNativeTarget "Project19Tests" */ = {
			isa = XCConfigurationList;
			buildConfigurations = (
				340BD7CC22FF4DED006E7C21 /* Debug */,
				340BD7CD22FF4DED006E7C21 /* Release */,
			);
			defaultConfigurationIsVisible = 0;
			defaultConfigurationName = Release;
		};
		340BD7DF22FF4E92006E7C21 /* Build configuration list for PBXNativeTarget "Extension" */ = {
			isa = XCConfigurationList;
			buildConfigurations = (
				340BD7E022FF4E92006E7C21 /* Debug */,
				340BD7E122FF4E92006E7C21 /* Release */,
			);
			defaultConfigurationIsVisible = 0;
			defaultConfigurationName = Release;
		};
/* End XCConfigurationList section */
	};
	rootObject = 340BD7A322FF4DEB006E7C21 /* Project object */;
}
